// !$*UTF8*$!
{
	archiveVersion = 1;
	classes = {
	};
	objectVersion = 56;
	objects = {

/* Begin PBXBuildFile section */
		CB1FE7FD2B7FF0DD00F8E9BE /* CloseButtonStyle.swift in Sources */ = {isa = PBXBuildFile; fileRef = CB1FE7FC2B7FF0DD00F8E9BE /* CloseButtonStyle.swift */; };
		CB1FE8002B8011D700F8E9BE /* GalleryView.swift in Sources */ = {isa = PBXBuildFile; fileRef = CB1FE7FF2B8011D700F8E9BE /* GalleryView.swift */; };
		CB1FE8032B80179900F8E9BE /* GalleryListItemView.swift in Sources */ = {isa = PBXBuildFile; fileRef = CB1FE8022B80179900F8E9BE /* GalleryListItemView.swift */; };
		CB81756C2B80B978007DDE1D /* Font+Extensions.swift in Sources */ = {isa = PBXBuildFile; fileRef = CB81756B2B80B978007DDE1D /* Font+Extensions.swift */; };
		CB81756E2B80BC1E007DDE1D /* JK-Maru-Gothic-M.otf in Resources */ = {isa = PBXBuildFile; fileRef = CB81756D2B80BC1E007DDE1D /* JK-Maru-Gothic-M.otf */; };
		CB8175722B80C3F0007DDE1D /* Ownglyph_meetme-Rg.ttf in Resources */ = {isa = PBXBuildFile; fileRef = CB8175712B80C3F0007DDE1D /* Ownglyph_meetme-Rg.ttf */; };
		CB8175772B80CCBB007DDE1D /* KanjiInfoView.swift in Sources */ = {isa = PBXBuildFile; fileRef = CB8175762B80CCBB007DDE1D /* KanjiInfoView.swift */; };
		CB8175792B80D191007DDE1D /* TextToSpeechConverter.swift in Sources */ = {isa = PBXBuildFile; fileRef = CB8175782B80D191007DDE1D /* TextToSpeechConverter.swift */; };
		CB9169C52B7FB97300625D5A /* MainView.swift in Sources */ = {isa = PBXBuildFile; fileRef = CB9169C42B7FB97300625D5A /* MainView.swift */; };
		CB9169C72B7FBE3C00625D5A /* Character.swift in Sources */ = {isa = PBXBuildFile; fileRef = CB9169C62B7FBE3C00625D5A /* Character.swift */; };
		CB9169CA2B7FBE8A00625D5A /* GradeType.swift in Sources */ = {isa = PBXBuildFile; fileRef = CB9169C92B7FBE8A00625D5A /* GradeType.swift */; };
		CB9169CD2B7FC09A00625D5A /* CharacterStorage.swift in Sources */ = {isa = PBXBuildFile; fileRef = CB9169CC2B7FC09A00625D5A /* CharacterStorage.swift */; };
		CB9169D02B7FC17300625D5A /* CharacterDTO.swift in Sources */ = {isa = PBXBuildFile; fileRef = CB9169CF2B7FC17300625D5A /* CharacterDTO.swift */; };
		CB9169D92B7FD46C00625D5A /* MainButtonStyle.swift in Sources */ = {isa = PBXBuildFile; fileRef = CB9169D82B7FD46C00625D5A /* MainButtonStyle.swift */; };
		CB9169DB2B7FD65400625D5A /* main_nico.mp3 in Resources */ = {isa = PBXBuildFile; fileRef = CB9169DA2B7FD65400625D5A /* main_nico.mp3 */; };
		CB9169DD2B7FD69E00625D5A /* AudioPlayerManager.swift in Sources */ = {isa = PBXBuildFile; fileRef = CB9169DC2B7FD69E00625D5A /* AudioPlayerManager.swift */; };
		CB9169E12B7FDCB500625D5A /* StartView.swift in Sources */ = {isa = PBXBuildFile; fileRef = CB9169E02B7FDCB500625D5A /* StartView.swift */; };
		CB9169E32B7FDD1600625D5A /* GradeView.swift in Sources */ = {isa = PBXBuildFile; fileRef = CB9169E22B7FDD1600625D5A /* GradeView.swift */; };
		CB9169E52B7FDE8B00625D5A /* StateType.swift in Sources */ = {isa = PBXBuildFile; fileRef = CB9169E42B7FDE8B00625D5A /* StateType.swift */; };
		CB9169E82B7FE41800625D5A /* DetailView.swift in Sources */ = {isa = PBXBuildFile; fileRef = CB9169E72B7FE41800625D5A /* DetailView.swift */; };
		CB9169EB2B7FE46100625D5A /* KanjiView.swift in Sources */ = {isa = PBXBuildFile; fileRef = CB9169EA2B7FE46100625D5A /* KanjiView.swift */; };
		CB9169ED2B7FEBE100625D5A /* GradeListItemView.swift in Sources */ = {isa = PBXBuildFile; fileRef = CB9169EC2B7FEBE100625D5A /* GradeListItemView.swift */; };
		CB92A3A82B7FB6E700975852 /* kanjiApp.swift in Sources */ = {isa = PBXBuildFile; fileRef = CB92A3A72B7FB6E700975852 /* kanjiApp.swift */; };
		CB92A3AC2B7FB6E800975852 /* Assets.xcassets in Resources */ = {isa = PBXBuildFile; fileRef = CB92A3AB2B7FB6E800975852 /* Assets.xcassets */; };
		CB92A3AF2B7FB6E800975852 /* Preview Assets.xcassets in Resources */ = {isa = PBXBuildFile; fileRef = CB92A3AE2B7FB6E800975852 /* Preview Assets.xcassets */; };
		CB92A3B92B7FB6E800975852 /* kanjiTests.swift in Sources */ = {isa = PBXBuildFile; fileRef = CB92A3B82B7FB6E800975852 /* kanjiTests.swift */; };
		CB92A3C32B7FB6E800975852 /* kanjiUITests.swift in Sources */ = {isa = PBXBuildFile; fileRef = CB92A3C22B7FB6E800975852 /* kanjiUITests.swift */; };
		CB92A3C52B7FB6E800975852 /* kanjiUITestsLaunchTests.swift in Sources */ = {isa = PBXBuildFile; fileRef = CB92A3C42B7FB6E800975852 /* kanjiUITestsLaunchTests.swift */; };
		CBBDF3E92B850A6500363C5D /* characters.json in Resources */ = {isa = PBXBuildFile; fileRef = CBBDF3E82B850A6500363C5D /* characters.json */; };
/* End PBXBuildFile section */

/* Begin PBXContainerItemProxy section */
		CB92A3B52B7FB6E800975852 /* PBXContainerItemProxy */ = {
			isa = PBXContainerItemProxy;
			containerPortal = CB92A39C2B7FB6E700975852 /* Project object */;
			proxyType = 1;
			remoteGlobalIDString = CB92A3A32B7FB6E700975852;
			remoteInfo = kanji;
		};
		CB92A3BF2B7FB6E800975852 /* PBXContainerItemProxy */ = {
			isa = PBXContainerItemProxy;
			containerPortal = CB92A39C2B7FB6E700975852 /* Project object */;
			proxyType = 1;
			remoteGlobalIDString = CB92A3A32B7FB6E700975852;
			remoteInfo = kanji;
		};
/* End PBXContainerItemProxy section */

/* Begin PBXFileReference section */
		CB1FE7FC2B7FF0DD00F8E9BE /* CloseButtonStyle.swift */ = {isa = PBXFileReference; lastKnownFileType = sourcecode.swift; path = CloseButtonStyle.swift; sourceTree = "<group>"; };
		CB1FE7FF2B8011D700F8E9BE /* GalleryView.swift */ = {isa = PBXFileReference; lastKnownFileType = sourcecode.swift; path = GalleryView.swift; sourceTree = "<group>"; };
		CB1FE8022B80179900F8E9BE /* GalleryListItemView.swift */ = {isa = PBXFileReference; lastKnownFileType = sourcecode.swift; path = GalleryListItemView.swift; sourceTree = "<group>"; };
		CB8175692B80B91B007DDE1D /* Info.plist */ = {isa = PBXFileReference; lastKnownFileType = text.plist; path = Info.plist; sourceTree = "<group>"; };
		CB81756B2B80B978007DDE1D /* Font+Extensions.swift */ = {isa = PBXFileReference; lastKnownFileType = sourcecode.swift; path = "Font+Extensions.swift"; sourceTree = "<group>"; };
		CB81756D2B80BC1E007DDE1D /* JK-Maru-Gothic-M.otf */ = {isa = PBXFileReference; lastKnownFileType = file; path = "JK-Maru-Gothic-M.otf"; sourceTree = "<group>"; };
		CB8175712B80C3F0007DDE1D /* Ownglyph_meetme-Rg.ttf */ = {isa = PBXFileReference; lastKnownFileType = file; path = "Ownglyph_meetme-Rg.ttf"; sourceTree = "<group>"; };
		CB8175762B80CCBB007DDE1D /* KanjiInfoView.swift */ = {isa = PBXFileReference; lastKnownFileType = sourcecode.swift; path = KanjiInfoView.swift; sourceTree = "<group>"; };
		CB8175782B80D191007DDE1D /* TextToSpeechConverter.swift */ = {isa = PBXFileReference; lastKnownFileType = sourcecode.swift; path = TextToSpeechConverter.swift; sourceTree = "<group>"; };
		CB9169C42B7FB97300625D5A /* MainView.swift */ = {isa = PBXFileReference; lastKnownFileType = sourcecode.swift; path = MainView.swift; sourceTree = "<group>"; };
		CB9169C62B7FBE3C00625D5A /* Character.swift */ = {isa = PBXFileReference; lastKnownFileType = sourcecode.swift; path = Character.swift; sourceTree = "<group>"; };
		CB9169C92B7FBE8A00625D5A /* GradeType.swift */ = {isa = PBXFileReference; lastKnownFileType = sourcecode.swift; path = GradeType.swift; sourceTree = "<group>"; };
		CB9169CC2B7FC09A00625D5A /* CharacterStorage.swift */ = {isa = PBXFileReference; lastKnownFileType = sourcecode.swift; path = CharacterStorage.swift; sourceTree = "<group>"; };
		CB9169CF2B7FC17300625D5A /* CharacterDTO.swift */ = {isa = PBXFileReference; lastKnownFileType = sourcecode.swift; path = CharacterDTO.swift; sourceTree = "<group>"; };
		CB9169D82B7FD46C00625D5A /* MainButtonStyle.swift */ = {isa = PBXFileReference; lastKnownFileType = sourcecode.swift; path = MainButtonStyle.swift; sourceTree = "<group>"; };
		CB9169DA2B7FD65400625D5A /* main_nico.mp3 */ = {isa = PBXFileReference; lastKnownFileType = audio.mp3; path = main_nico.mp3; sourceTree = "<group>"; };
		CB9169DC2B7FD69E00625D5A /* AudioPlayerManager.swift */ = {isa = PBXFileReference; lastKnownFileType = sourcecode.swift; path = AudioPlayerManager.swift; sourceTree = "<group>"; };
		CB9169E02B7FDCB500625D5A /* StartView.swift */ = {isa = PBXFileReference; lastKnownFileType = sourcecode.swift; path = StartView.swift; sourceTree = "<group>"; };
		CB9169E22B7FDD1600625D5A /* GradeView.swift */ = {isa = PBXFileReference; lastKnownFileType = sourcecode.swift; path = GradeView.swift; sourceTree = "<group>"; };
		CB9169E42B7FDE8B00625D5A /* StateType.swift */ = {isa = PBXFileReference; lastKnownFileType = sourcecode.swift; path = StateType.swift; sourceTree = "<group>"; };
		CB9169E72B7FE41800625D5A /* DetailView.swift */ = {isa = PBXFileReference; lastKnownFileType = sourcecode.swift; path = DetailView.swift; sourceTree = "<group>"; };
		CB9169EA2B7FE46100625D5A /* KanjiView.swift */ = {isa = PBXFileReference; lastKnownFileType = sourcecode.swift; path = KanjiView.swift; sourceTree = "<group>"; };
		CB9169EC2B7FEBE100625D5A /* GradeListItemView.swift */ = {isa = PBXFileReference; lastKnownFileType = sourcecode.swift; path = GradeListItemView.swift; sourceTree = "<group>"; };
		CB92A3A42B7FB6E700975852 /* kanji.app */ = {isa = PBXFileReference; explicitFileType = wrapper.application; includeInIndex = 0; path = kanji.app; sourceTree = BUILT_PRODUCTS_DIR; };
		CB92A3A72B7FB6E700975852 /* kanjiApp.swift */ = {isa = PBXFileReference; lastKnownFileType = sourcecode.swift; path = kanjiApp.swift; sourceTree = "<group>"; };
		CB92A3AB2B7FB6E800975852 /* Assets.xcassets */ = {isa = PBXFileReference; lastKnownFileType = folder.assetcatalog; path = Assets.xcassets; sourceTree = "<group>"; };
		CB92A3AE2B7FB6E800975852 /* Preview Assets.xcassets */ = {isa = PBXFileReference; lastKnownFileType = folder.assetcatalog; path = "Preview Assets.xcassets"; sourceTree = "<group>"; };
		CB92A3B42B7FB6E800975852 /* kanjiTests.xctest */ = {isa = PBXFileReference; explicitFileType = wrapper.cfbundle; includeInIndex = 0; path = kanjiTests.xctest; sourceTree = BUILT_PRODUCTS_DIR; };
		CB92A3B82B7FB6E800975852 /* kanjiTests.swift */ = {isa = PBXFileReference; lastKnownFileType = sourcecode.swift; path = kanjiTests.swift; sourceTree = "<group>"; };
		CB92A3BE2B7FB6E800975852 /* kanjiUITests.xctest */ = {isa = PBXFileReference; explicitFileType = wrapper.cfbundle; includeInIndex = 0; path = kanjiUITests.xctest; sourceTree = BUILT_PRODUCTS_DIR; };
		CB92A3C22B7FB6E800975852 /* kanjiUITests.swift */ = {isa = PBXFileReference; lastKnownFileType = sourcecode.swift; path = kanjiUITests.swift; sourceTree = "<group>"; };
		CB92A3C42B7FB6E800975852 /* kanjiUITestsLaunchTests.swift */ = {isa = PBXFileReference; lastKnownFileType = sourcecode.swift; path = kanjiUITestsLaunchTests.swift; sourceTree = "<group>"; };
		CBBDF3E82B850A6500363C5D /* characters.json */ = {isa = PBXFileReference; fileEncoding = 4; lastKnownFileType = text.json; path = characters.json; sourceTree = "<group>"; };
/* End PBXFileReference section */

/* Begin PBXFrameworksBuildPhase section */
		CB92A3A12B7FB6E700975852 /* Frameworks */ = {
			isa = PBXFrameworksBuildPhase;
			buildActionMask = 2147483647;
			files = (
			);
			runOnlyForDeploymentPostprocessing = 0;
		};
		CB92A3B12B7FB6E800975852 /* Frameworks */ = {
			isa = PBXFrameworksBuildPhase;
			buildActionMask = 2147483647;
			files = (
			);
			runOnlyForDeploymentPostprocessing = 0;
		};
		CB92A3BB2B7FB6E800975852 /* Frameworks */ = {
			isa = PBXFrameworksBuildPhase;
			buildActionMask = 2147483647;
			files = (
			);
			runOnlyForDeploymentPostprocessing = 0;
		};
/* End PBXFrameworksBuildPhase section */

/* Begin PBXGroup section */
		CB1FE7FE2B8011B800F8E9BE /* Gallery */ = {
			isa = PBXGroup;
			children = (
				CB1FE8012B8011DB00F8E9BE /* Component */,
				CB1FE7FF2B8011D700F8E9BE /* GalleryView.swift */,
			);
			path = Gallery;
			sourceTree = "<group>";
		};
		CB1FE8012B8011DB00F8E9BE /* Component */ = {
			isa = PBXGroup;
			children = (
				CB1FE8022B80179900F8E9BE /* GalleryListItemView.swift */,
			);
			path = Component;
			sourceTree = "<group>";
		};
		CB81756A2B80B960007DDE1D /* Extensions */ = {
			isa = PBXGroup;
			children = (
				CB81756B2B80B978007DDE1D /* Font+Extensions.swift */,
			);
			path = Extensions;
			sourceTree = "<group>";
		};
		CB9169B82B7FB80400625D5A /* Supports */ = {
			isa = PBXGroup;
			children = (
				CB9169CB2B7FC08900625D5A /* Utils */,
				CB81756A2B80B960007DDE1D /* Extensions */,
				CB92A3A72B7FB6E700975852 /* kanjiApp.swift */,
			);
			path = Supports;
			sourceTree = "<group>";
		};
		CB9169B92B7FB81900625D5A /* Resources */ = {
			isa = PBXGroup;
			children = (
				CB92A3AB2B7FB6E800975852 /* Assets.xcassets */,
				CB81756D2B80BC1E007DDE1D /* JK-Maru-Gothic-M.otf */,
				CB8175712B80C3F0007DDE1D /* Ownglyph_meetme-Rg.ttf */,
				CBBDF3E82B850A6500363C5D /* characters.json */,
				CB9169DA2B7FD65400625D5A /* main_nico.mp3 */,
			);
			path = Resources;
			sourceTree = "<group>";
		};
		CB9169BC2B7FB86F00625D5A /* Model */ = {
			isa = PBXGroup;
			children = (
				CB9169CF2B7FC17300625D5A /* CharacterDTO.swift */,
				CB9169C62B7FBE3C00625D5A /* Character.swift */,
			);
			path = Model;
			sourceTree = "<group>";
		};
		CB9169BD2B7FB89500625D5A /* Screens */ = {
			isa = PBXGroup;
			children = (
				CB9169D62B7FD44E00625D5A /* Common */,
				CB9169C32B7FB96900625D5A /* Main */,
				CB9169E62B7FE3F000625D5A /* Detail */,
				CB1FE7FE2B8011B800F8E9BE /* Gallery */,
			);
			path = Screens;
			sourceTree = "<group>";
		};
		CB9169C32B7FB96900625D5A /* Main */ = {
			isa = PBXGroup;
			children = (
				CB9169DF2B7FDC8100625D5A /* Component */,
				CB9169C42B7FB97300625D5A /* MainView.swift */,
			);
			path = Main;
			sourceTree = "<group>";
		};
		CB9169C82B7FBE7700625D5A /* Type */ = {
			isa = PBXGroup;
			children = (
				CB9169C92B7FBE8A00625D5A /* GradeType.swift */,
				CB9169E42B7FDE8B00625D5A /* StateType.swift */,
			);
			path = Type;
			sourceTree = "<group>";
		};
		CB9169CB2B7FC08900625D5A /* Utils */ = {
			isa = PBXGroup;
			children = (
				CB9169CC2B7FC09A00625D5A /* CharacterStorage.swift */,
				CB9169DC2B7FD69E00625D5A /* AudioPlayerManager.swift */,
				CB8175782B80D191007DDE1D /* TextToSpeechConverter.swift */,
			);
			path = Utils;
			sourceTree = "<group>";
		};
		CB9169D62B7FD44E00625D5A /* Common */ = {
			isa = PBXGroup;
			children = (
				CB9169D72B7FD45400625D5A /* ButtonStyle */,
			);
			path = Common;
			sourceTree = "<group>";
		};
		CB9169D72B7FD45400625D5A /* ButtonStyle */ = {
			isa = PBXGroup;
			children = (
				CB9169D82B7FD46C00625D5A /* MainButtonStyle.swift */,
				CB1FE7FC2B7FF0DD00F8E9BE /* CloseButtonStyle.swift */,
			);
			path = ButtonStyle;
			sourceTree = "<group>";
		};
		CB9169DF2B7FDC8100625D5A /* Component */ = {
			isa = PBXGroup;
			children = (
				CB9169E02B7FDCB500625D5A /* StartView.swift */,
				CB9169E22B7FDD1600625D5A /* GradeView.swift */,
				CB9169EC2B7FEBE100625D5A /* GradeListItemView.swift */,
			);
			path = Component;
			sourceTree = "<group>";
		};
		CB9169E62B7FE3F000625D5A /* Detail */ = {
			isa = PBXGroup;
			children = (
				CB9169E92B7FE44E00625D5A /* Component */,
				CB9169E72B7FE41800625D5A /* DetailView.swift */,
			);
			path = Detail;
			sourceTree = "<group>";
		};
		CB9169E92B7FE44E00625D5A /* Component */ = {
			isa = PBXGroup;
			children = (
				CB9169EA2B7FE46100625D5A /* KanjiView.swift */,
				CB8175762B80CCBB007DDE1D /* KanjiInfoView.swift */,
			);
			path = Component;
			sourceTree = "<group>";
		};
		CB92A39B2B7FB6E700975852 = {
			isa = PBXGroup;
			children = (
				CB92A3A62B7FB6E700975852 /* kanji */,
				CB92A3B72B7FB6E800975852 /* kanjiTests */,
				CB92A3C12B7FB6E800975852 /* kanjiUITests */,
				CB92A3A52B7FB6E700975852 /* Products */,
			);
			sourceTree = "<group>";
		};
		CB92A3A52B7FB6E700975852 /* Products */ = {
			isa = PBXGroup;
			children = (
				CB92A3A42B7FB6E700975852 /* kanji.app */,
				CB92A3B42B7FB6E800975852 /* kanjiTests.xctest */,
				CB92A3BE2B7FB6E800975852 /* kanjiUITests.xctest */,
			);
			name = Products;
			sourceTree = "<group>";
		};
		CB92A3A62B7FB6E700975852 /* kanji */ = {
			isa = PBXGroup;
			children = (
				CB8175692B80B91B007DDE1D /* Info.plist */,
				CB9169BC2B7FB86F00625D5A /* Model */,
				CB9169C82B7FBE7700625D5A /* Type */,
				CB9169BD2B7FB89500625D5A /* Screens */,
				CB9169B92B7FB81900625D5A /* Resources */,
				CB9169B82B7FB80400625D5A /* Supports */,
				CB92A3AD2B7FB6E800975852 /* Preview Content */,
			);
			path = kanji;
			sourceTree = "<group>";
		};
		CB92A3AD2B7FB6E800975852 /* Preview Content */ = {
			isa = PBXGroup;
			children = (
				CB92A3AE2B7FB6E800975852 /* Preview Assets.xcassets */,
			);
			path = "Preview Content";
			sourceTree = "<group>";
		};
		CB92A3B72B7FB6E800975852 /* kanjiTests */ = {
			isa = PBXGroup;
			children = (
				CB92A3B82B7FB6E800975852 /* kanjiTests.swift */,
			);
			path = kanjiTests;
			sourceTree = "<group>";
		};
		CB92A3C12B7FB6E800975852 /* kanjiUITests */ = {
			isa = PBXGroup;
			children = (
				CB92A3C22B7FB6E800975852 /* kanjiUITests.swift */,
				CB92A3C42B7FB6E800975852 /* kanjiUITestsLaunchTests.swift */,
			);
			path = kanjiUITests;
			sourceTree = "<group>";
		};
/* End PBXGroup section */

/* Begin PBXNativeTarget section */
		CB92A3A32B7FB6E700975852 /* kanji */ = {
			isa = PBXNativeTarget;
			buildConfigurationList = CB92A3C82B7FB6E800975852 /* Build configuration list for PBXNativeTarget "kanji" */;
			buildPhases = (
				CB92A3A02B7FB6E700975852 /* Sources */,
				CB92A3A12B7FB6E700975852 /* Frameworks */,
				CB92A3A22B7FB6E700975852 /* Resources */,
			);
			buildRules = (
			);
			dependencies = (
			);
			name = kanji;
			packageProductDependencies = (
			);
			productName = kanji;
			productReference = CB92A3A42B7FB6E700975852 /* kanji.app */;
			productType = "com.apple.product-type.application";
		};
		CB92A3B32B7FB6E800975852 /* kanjiTests */ = {
			isa = PBXNativeTarget;
			buildConfigurationList = CB92A3CB2B7FB6E800975852 /* Build configuration list for PBXNativeTarget "kanjiTests" */;
			buildPhases = (
				CB92A3B02B7FB6E800975852 /* Sources */,
				CB92A3B12B7FB6E800975852 /* Frameworks */,
				CB92A3B22B7FB6E800975852 /* Resources */,
			);
			buildRules = (
			);
			dependencies = (
				CB92A3B62B7FB6E800975852 /* PBXTargetDependency */,
			);
			name = kanjiTests;
			productName = kanjiTests;
			productReference = CB92A3B42B7FB6E800975852 /* kanjiTests.xctest */;
			productType = "com.apple.product-type.bundle.unit-test";
		};
		CB92A3BD2B7FB6E800975852 /* kanjiUITests */ = {
			isa = PBXNativeTarget;
			buildConfigurationList = CB92A3CE2B7FB6E800975852 /* Build configuration list for PBXNativeTarget "kanjiUITests" */;
			buildPhases = (
				CB92A3BA2B7FB6E800975852 /* Sources */,
				CB92A3BB2B7FB6E800975852 /* Frameworks */,
				CB92A3BC2B7FB6E800975852 /* Resources */,
			);
			buildRules = (
			);
			dependencies = (
				CB92A3C02B7FB6E800975852 /* PBXTargetDependency */,
			);
			name = kanjiUITests;
			productName = kanjiUITests;
			productReference = CB92A3BE2B7FB6E800975852 /* kanjiUITests.xctest */;
			productType = "com.apple.product-type.bundle.ui-testing";
		};
/* End PBXNativeTarget section */

/* Begin PBXProject section */
		CB92A39C2B7FB6E700975852 /* Project object */ = {
			isa = PBXProject;
			attributes = {
				BuildIndependentTargetsInParallel = 1;
				LastSwiftUpdateCheck = 1520;
				LastUpgradeCheck = 1520;
				TargetAttributes = {
					CB92A3A32B7FB6E700975852 = {
						CreatedOnToolsVersion = 15.2;
					};
					CB92A3B32B7FB6E800975852 = {
						CreatedOnToolsVersion = 15.2;
						TestTargetID = CB92A3A32B7FB6E700975852;
					};
					CB92A3BD2B7FB6E800975852 = {
						CreatedOnToolsVersion = 15.2;
						TestTargetID = CB92A3A32B7FB6E700975852;
					};
				};
			};
			buildConfigurationList = CB92A39F2B7FB6E700975852 /* Build configuration list for PBXProject "kanji" */;
			compatibilityVersion = "Xcode 14.0";
			developmentRegion = en;
			hasScannedForEncodings = 0;
			knownRegions = (
				en,
				Base,
			);
			mainGroup = CB92A39B2B7FB6E700975852;
			packageReferences = (
			);
			productRefGroup = CB92A3A52B7FB6E700975852 /* Products */;
			projectDirPath = "";
			projectRoot = "";
			targets = (
				CB92A3A32B7FB6E700975852 /* kanji */,
				CB92A3B32B7FB6E800975852 /* kanjiTests */,
				CB92A3BD2B7FB6E800975852 /* kanjiUITests */,
			);
		};
/* End PBXProject section */

/* Begin PBXResourcesBuildPhase section */
		CB92A3A22B7FB6E700975852 /* Resources */ = {
			isa = PBXResourcesBuildPhase;
			buildActionMask = 2147483647;
			files = (
				CB9169DB2B7FD65400625D5A /* main_nico.mp3 in Resources */,
				CB8175722B80C3F0007DDE1D /* Ownglyph_meetme-Rg.ttf in Resources */,
				CB81756E2B80BC1E007DDE1D /* JK-Maru-Gothic-M.otf in Resources */,
				CBBDF3E92B850A6500363C5D /* characters.json in Resources */,
				CB92A3AF2B7FB6E800975852 /* Preview Assets.xcassets in Resources */,
				CB92A3AC2B7FB6E800975852 /* Assets.xcassets in Resources */,
			);
			runOnlyForDeploymentPostprocessing = 0;
		};
		CB92A3B22B7FB6E800975852 /* Resources */ = {
			isa = PBXResourcesBuildPhase;
			buildActionMask = 2147483647;
			files = (
			);
			runOnlyForDeploymentPostprocessing = 0;
		};
		CB92A3BC2B7FB6E800975852 /* Resources */ = {
			isa = PBXResourcesBuildPhase;
			buildActionMask = 2147483647;
			files = (
			);
			runOnlyForDeploymentPostprocessing = 0;
		};
/* End PBXResourcesBuildPhase section */

/* Begin PBXSourcesBuildPhase section */
		CB92A3A02B7FB6E700975852 /* Sources */ = {
			isa = PBXSourcesBuildPhase;
			buildActionMask = 2147483647;
			files = (
				CB81756C2B80B978007DDE1D /* Font+Extensions.swift in Sources */,
				CB9169E12B7FDCB500625D5A /* StartView.swift in Sources */,
				CB8175792B80D191007DDE1D /* TextToSpeechConverter.swift in Sources */,
				CB9169E82B7FE41800625D5A /* DetailView.swift in Sources */,
				CB9169E52B7FDE8B00625D5A /* StateType.swift in Sources */,
				CB9169C52B7FB97300625D5A /* MainView.swift in Sources */,
				CB1FE8032B80179900F8E9BE /* GalleryListItemView.swift in Sources */,
				CB9169E32B7FDD1600625D5A /* GradeView.swift in Sources */,
				CB9169CD2B7FC09A00625D5A /* CharacterStorage.swift in Sources */,
				CB9169D02B7FC17300625D5A /* CharacterDTO.swift in Sources */,
				CB1FE8002B8011D700F8E9BE /* GalleryView.swift in Sources */,
				CB9169ED2B7FEBE100625D5A /* GradeListItemView.swift in Sources */,
				CB92A3A82B7FB6E700975852 /* kanjiApp.swift in Sources */,
				CB9169CA2B7FBE8A00625D5A /* GradeType.swift in Sources */,
				CB8175772B80CCBB007DDE1D /* KanjiInfoView.swift in Sources */,
				CB9169DD2B7FD69E00625D5A /* AudioPlayerManager.swift in Sources */,
				CB9169EB2B7FE46100625D5A /* KanjiView.swift in Sources */,
				CB9169C72B7FBE3C00625D5A /* Character.swift in Sources */,
				CB9169D92B7FD46C00625D5A /* MainButtonStyle.swift in Sources */,
				CB1FE7FD2B7FF0DD00F8E9BE /* CloseButtonStyle.swift in Sources */,
			);
			runOnlyForDeploymentPostprocessing = 0;
		};
		CB92A3B02B7FB6E800975852 /* Sources */ = {
			isa = PBXSourcesBuildPhase;
			buildActionMask = 2147483647;
			files = (
				CB92A3B92B7FB6E800975852 /* kanjiTests.swift in Sources */,
			);
			runOnlyForDeploymentPostprocessing = 0;
		};
		CB92A3BA2B7FB6E800975852 /* Sources */ = {
			isa = PBXSourcesBuildPhase;
			buildActionMask = 2147483647;
			files = (
				CB92A3C52B7FB6E800975852 /* kanjiUITestsLaunchTests.swift in Sources */,
				CB92A3C32B7FB6E800975852 /* kanjiUITests.swift in Sources */,
			);
			runOnlyForDeploymentPostprocessing = 0;
		};
/* End PBXSourcesBuildPhase section */

/* Begin PBXTargetDependency section */
		CB92A3B62B7FB6E800975852 /* PBXTargetDependency */ = {
			isa = PBXTargetDependency;
			target = CB92A3A32B7FB6E700975852 /* kanji */;
			targetProxy = CB92A3B52B7FB6E800975852 /* PBXContainerItemProxy */;
		};
		CB92A3C02B7FB6E800975852 /* PBXTargetDependency */ = {
			isa = PBXTargetDependency;
			target = CB92A3A32B7FB6E700975852 /* kanji */;
			targetProxy = CB92A3BF2B7FB6E800975852 /* PBXContainerItemProxy */;
		};
/* End PBXTargetDependency section */

/* Begin XCBuildConfiguration section */
		CB92A3C62B7FB6E800975852 /* Debug */ = {
			isa = XCBuildConfiguration;
			buildSettings = {
				ALWAYS_SEARCH_USER_PATHS = NO;
				ASSETCATALOG_COMPILER_GENERATE_SWIFT_ASSET_SYMBOL_EXTENSIONS = YES;
				CLANG_ANALYZER_NONNULL = YES;
				CLANG_ANALYZER_NUMBER_OBJECT_CONVERSION = YES_AGGRESSIVE;
				CLANG_CXX_LANGUAGE_STANDARD = "gnu++20";
				CLANG_ENABLE_MODULES = YES;
				CLANG_ENABLE_OBJC_ARC = YES;
				CLANG_ENABLE_OBJC_WEAK = YES;
				CLANG_WARN_BLOCK_CAPTURE_AUTORELEASING = YES;
				CLANG_WARN_BOOL_CONVERSION = YES;
				CLANG_WARN_COMMA = YES;
				CLANG_WARN_CONSTANT_CONVERSION = YES;
				CLANG_WARN_DEPRECATED_OBJC_IMPLEMENTATIONS = YES;
				CLANG_WARN_DIRECT_OBJC_ISA_USAGE = YES_ERROR;
				CLANG_WARN_DOCUMENTATION_COMMENTS = YES;
				CLANG_WARN_EMPTY_BODY = YES;
				CLANG_WARN_ENUM_CONVERSION = YES;
				CLANG_WARN_INFINITE_RECURSION = YES;
				CLANG_WARN_INT_CONVERSION = YES;
				CLANG_WARN_NON_LITERAL_NULL_CONVERSION = YES;
				CLANG_WARN_OBJC_IMPLICIT_RETAIN_SELF = YES;
				CLANG_WARN_OBJC_LITERAL_CONVERSION = YES;
				CLANG_WARN_OBJC_ROOT_CLASS = YES_ERROR;
				CLANG_WARN_QUOTED_INCLUDE_IN_FRAMEWORK_HEADER = YES;
				CLANG_WARN_RANGE_LOOP_ANALYSIS = YES;
				CLANG_WARN_STRICT_PROTOTYPES = YES;
				CLANG_WARN_SUSPICIOUS_MOVE = YES;
				CLANG_WARN_UNGUARDED_AVAILABILITY = YES_AGGRESSIVE;
				CLANG_WARN_UNREACHABLE_CODE = YES;
				CLANG_WARN__DUPLICATE_METHOD_MATCH = YES;
				COPY_PHASE_STRIP = NO;
				DEBUG_INFORMATION_FORMAT = dwarf;
				ENABLE_STRICT_OBJC_MSGSEND = YES;
				ENABLE_TESTABILITY = YES;
				ENABLE_USER_SCRIPT_SANDBOXING = YES;
				GCC_C_LANGUAGE_STANDARD = gnu17;
				GCC_DYNAMIC_NO_PIC = NO;
				GCC_NO_COMMON_BLOCKS = YES;
				GCC_OPTIMIZATION_LEVEL = 0;
				GCC_PREPROCESSOR_DEFINITIONS = (
					"DEBUG=1",
					"$(inherited)",
				);
				GCC_WARN_64_TO_32_BIT_CONVERSION = YES;
				GCC_WARN_ABOUT_RETURN_TYPE = YES_ERROR;
				GCC_WARN_UNDECLARED_SELECTOR = YES;
				GCC_WARN_UNINITIALIZED_AUTOS = YES_AGGRESSIVE;
				GCC_WARN_UNUSED_FUNCTION = YES;
				GCC_WARN_UNUSED_VARIABLE = YES;
				INFOPLIST_KEY_CFBundleDisplayName = "니코니코니";
				IPHONEOS_DEPLOYMENT_TARGET = 17.0;
				LOCALIZATION_PREFERS_STRING_CATALOGS = YES;
				MTL_ENABLE_DEBUG_INFO = INCLUDE_SOURCE;
				MTL_FAST_MATH = YES;
				ONLY_ACTIVE_ARCH = YES;
				SDKROOT = iphoneos;
				SWIFT_ACTIVE_COMPILATION_CONDITIONS = "DEBUG $(inherited)";
				SWIFT_OPTIMIZATION_LEVEL = "-Onone";
			};
			name = Debug;
		};
		CB92A3C72B7FB6E800975852 /* Release */ = {
			isa = XCBuildConfiguration;
			buildSettings = {
				ALWAYS_SEARCH_USER_PATHS = NO;
				ASSETCATALOG_COMPILER_GENERATE_SWIFT_ASSET_SYMBOL_EXTENSIONS = YES;
				CLANG_ANALYZER_NONNULL = YES;
				CLANG_ANALYZER_NUMBER_OBJECT_CONVERSION = YES_AGGRESSIVE;
				CLANG_CXX_LANGUAGE_STANDARD = "gnu++20";
				CLANG_ENABLE_MODULES = YES;
				CLANG_ENABLE_OBJC_ARC = YES;
				CLANG_ENABLE_OBJC_WEAK = YES;
				CLANG_WARN_BLOCK_CAPTURE_AUTORELEASING = YES;
				CLANG_WARN_BOOL_CONVERSION = YES;
				CLANG_WARN_COMMA = YES;
				CLANG_WARN_CONSTANT_CONVERSION = YES;
				CLANG_WARN_DEPRECATED_OBJC_IMPLEMENTATIONS = YES;
				CLANG_WARN_DIRECT_OBJC_ISA_USAGE = YES_ERROR;
				CLANG_WARN_DOCUMENTATION_COMMENTS = YES;
				CLANG_WARN_EMPTY_BODY = YES;
				CLANG_WARN_ENUM_CONVERSION = YES;
				CLANG_WARN_INFINITE_RECURSION = YES;
				CLANG_WARN_INT_CONVERSION = YES;
				CLANG_WARN_NON_LITERAL_NULL_CONVERSION = YES;
				CLANG_WARN_OBJC_IMPLICIT_RETAIN_SELF = YES;
				CLANG_WARN_OBJC_LITERAL_CONVERSION = YES;
				CLANG_WARN_OBJC_ROOT_CLASS = YES_ERROR;
				CLANG_WARN_QUOTED_INCLUDE_IN_FRAMEWORK_HEADER = YES;
				CLANG_WARN_RANGE_LOOP_ANALYSIS = YES;
				CLANG_WARN_STRICT_PROTOTYPES = YES;
				CLANG_WARN_SUSPICIOUS_MOVE = YES;
				CLANG_WARN_UNGUARDED_AVAILABILITY = YES_AGGRESSIVE;
				CLANG_WARN_UNREACHABLE_CODE = YES;
				CLANG_WARN__DUPLICATE_METHOD_MATCH = YES;
				COPY_PHASE_STRIP = NO;
				DEBUG_INFORMATION_FORMAT = "dwarf-with-dsym";
				ENABLE_NS_ASSERTIONS = NO;
				ENABLE_STRICT_OBJC_MSGSEND = YES;
				ENABLE_USER_SCRIPT_SANDBOXING = YES;
				GCC_C_LANGUAGE_STANDARD = gnu17;
				GCC_NO_COMMON_BLOCKS = YES;
				GCC_WARN_64_TO_32_BIT_CONVERSION = YES;
				GCC_WARN_ABOUT_RETURN_TYPE = YES_ERROR;
				GCC_WARN_UNDECLARED_SELECTOR = YES;
				GCC_WARN_UNINITIALIZED_AUTOS = YES_AGGRESSIVE;
				GCC_WARN_UNUSED_FUNCTION = YES;
				GCC_WARN_UNUSED_VARIABLE = YES;
				INFOPLIST_KEY_CFBundleDisplayName = "니코니코니";
				IPHONEOS_DEPLOYMENT_TARGET = 17.0;
				LOCALIZATION_PREFERS_STRING_CATALOGS = YES;
				MTL_ENABLE_DEBUG_INFO = NO;
				MTL_FAST_MATH = YES;
				SDKROOT = iphoneos;
				SWIFT_COMPILATION_MODE = wholemodule;
				VALIDATE_PRODUCT = YES;
			};
			name = Release;
		};
		CB92A3C92B7FB6E800975852 /* Debug */ = {
			isa = XCBuildConfiguration;
			buildSettings = {
				ASSETCATALOG_COMPILER_APPICON_NAME = AppIcon;
				ASSETCATALOG_COMPILER_GLOBAL_ACCENT_COLOR_NAME = AccentColor;
				CODE_SIGN_STYLE = Automatic;
				CURRENT_PROJECT_VERSION = 0;
				DEVELOPMENT_ASSET_PATHS = "\"kanji/Preview Content\"";
				DEVELOPMENT_TEAM = 3Y8YH8GWMM;
				ENABLE_PREVIEWS = YES;
				GENERATE_INFOPLIST_FILE = YES;
				INFOPLIST_FILE = kanji/Info.plist;
				INFOPLIST_KEY_CFBundleDisplayName = "니코칸지";
				INFOPLIST_KEY_LSApplicationCategoryType = "public.app-category.education";
				INFOPLIST_KEY_UIApplicationSceneManifest_Generation = YES;
				INFOPLIST_KEY_UIApplicationSupportsIndirectInputEvents = YES;
				INFOPLIST_KEY_UILaunchScreen_Generation = YES;
				INFOPLIST_KEY_UIStatusBarStyle = "";
				INFOPLIST_KEY_UISupportedInterfaceOrientations = UIInterfaceOrientationPortrait;
				IPHONEOS_DEPLOYMENT_TARGET = 17.0;
				LD_RUNPATH_SEARCH_PATHS = (
					"$(inherited)",
					"@executable_path/Frameworks",
				);
				MARKETING_VERSION = 1.0.1;
				PRODUCT_BUNDLE_IDENTIFIER = coby.nico;
				PRODUCT_NAME = "$(TARGET_NAME)";
				SUPPORTED_PLATFORMS = "iphoneos iphonesimulator";
				SUPPORTS_MACCATALYST = NO;
				SUPPORTS_MAC_DESIGNED_FOR_IPHONE_IPAD = NO;
				SUPPORTS_XR_DESIGNED_FOR_IPHONE_IPAD = NO;
				SWIFT_EMIT_LOC_STRINGS = YES;
				SWIFT_VERSION = 5.0;
				TARGETED_DEVICE_FAMILY = 1;
			};
			name = Debug;
		};
		CB92A3CA2B7FB6E800975852 /* Release */ = {
			isa = XCBuildConfiguration;
			buildSettings = {
				ASSETCATALOG_COMPILER_APPICON_NAME = AppIcon;
				ASSETCATALOG_COMPILER_GLOBAL_ACCENT_COLOR_NAME = AccentColor;
				CODE_SIGN_STYLE = Automatic;
				CURRENT_PROJECT_VERSION = 0;
				DEVELOPMENT_ASSET_PATHS = "\"kanji/Preview Content\"";
				DEVELOPMENT_TEAM = 3Y8YH8GWMM;
				ENABLE_PREVIEWS = YES;
				GENERATE_INFOPLIST_FILE = YES;
				INFOPLIST_FILE = kanji/Info.plist;
				INFOPLIST_KEY_CFBundleDisplayName = "니코칸지";
				INFOPLIST_KEY_LSApplicationCategoryType = "public.app-category.education";
				INFOPLIST_KEY_UIApplicationSceneManifest_Generation = YES;
				INFOPLIST_KEY_UIApplicationSupportsIndirectInputEvents = YES;
				INFOPLIST_KEY_UILaunchScreen_Generation = YES;
				INFOPLIST_KEY_UIStatusBarStyle = "";
				INFOPLIST_KEY_UISupportedInterfaceOrientations = UIInterfaceOrientationPortrait;
				IPHONEOS_DEPLOYMENT_TARGET = 17.0;
				LD_RUNPATH_SEARCH_PATHS = (
					"$(inherited)",
					"@executable_path/Frameworks",
				);
				MARKETING_VERSION = 1.0.1;
				PRODUCT_BUNDLE_IDENTIFIER = coby.nico;
				PRODUCT_NAME = "$(TARGET_NAME)";
				SUPPORTED_PLATFORMS = "iphoneos iphonesimulator";
				SUPPORTS_MACCATALYST = NO;
				SUPPORTS_MAC_DESIGNED_FOR_IPHONE_IPAD = NO;
				SUPPORTS_XR_DESIGNED_FOR_IPHONE_IPAD = NO;
				SWIFT_EMIT_LOC_STRINGS = YES;
				SWIFT_VERSION = 5.0;
				TARGETED_DEVICE_FAMILY = 1;
			};
			name = Release;
		};
		CB92A3CC2B7FB6E800975852 /* Debug */ = {
			isa = XCBuildConfiguration;
			buildSettings = {
				ALWAYS_EMBED_SWIFT_STANDARD_LIBRARIES = YES;
				BUNDLE_LOADER = "$(TEST_HOST)";
				CODE_SIGN_STYLE = Automatic;
				CURRENT_PROJECT_VERSION = 1;
				DEVELOPMENT_TEAM = 3Y8YH8GWMM;
				GENERATE_INFOPLIST_FILE = YES;
				IPHONEOS_DEPLOYMENT_TARGET = 17.2;
				MARKETING_VERSION = 1.0;
				PRODUCT_BUNDLE_IDENTIFIER = coby.kanjiTests;
				PRODUCT_NAME = "$(TARGET_NAME)";
				SWIFT_EMIT_LOC_STRINGS = NO;
				SWIFT_VERSION = 5.0;
				TARGETED_DEVICE_FAMILY = "1,2";
				TEST_HOST = "$(BUILT_PRODUCTS_DIR)/kanji.app/$(BUNDLE_EXECUTABLE_FOLDER_PATH)/kanji";
			};
			name = Debug;
		};
		CB92A3CD2B7FB6E800975852 /* Release */ = {
			isa = XCBuildConfiguration;
			buildSettings = {
				ALWAYS_EMBED_SWIFT_STANDARD_LIBRARIES = YES;
				BUNDLE_LOADER = "$(TEST_HOST)";
				CODE_SIGN_STYLE = Automatic;
				CURRENT_PROJECT_VERSION = 1;
				DEVELOPMENT_TEAM = 3Y8YH8GWMM;
				GENERATE_INFOPLIST_FILE = YES;
				IPHONEOS_DEPLOYMENT_TARGET = 17.2;
				MARKETING_VERSION = 1.0;
				PRODUCT_BUNDLE_IDENTIFIER = coby.kanjiTests;
				PRODUCT_NAME = "$(TARGET_NAME)";
				SWIFT_EMIT_LOC_STRINGS = NO;
				SWIFT_VERSION = 5.0;
				TARGETED_DEVICE_FAMILY = "1,2";
				TEST_HOST = "$(BUILT_PRODUCTS_DIR)/kanji.app/$(BUNDLE_EXECUTABLE_FOLDER_PATH)/kanji";
			};
			name = Release;
		};
		CB92A3CF2B7FB6E800975852 /* Debug */ = {
			isa = XCBuildConfiguration;
			buildSettings = {
				ALWAYS_EMBED_SWIFT_STANDARD_LIBRARIES = YES;
				CODE_SIGN_STYLE = Automatic;
				CURRENT_PROJECT_VERSION = 1;
				DEVELOPMENT_TEAM = 3Y8YH8GWMM;
				GENERATE_INFOPLIST_FILE = YES;
				MARKETING_VERSION = 1.0;
				PRODUCT_BUNDLE_IDENTIFIER = coby.kanjiUITests;
				PRODUCT_NAME = "$(TARGET_NAME)";
				SWIFT_EMIT_LOC_STRINGS = NO;
				SWIFT_VERSION = 5.0;
				TARGETED_DEVICE_FAMILY = "1,2";
				TEST_TARGET_NAME = kanji;
			};
			name = Debug;
		};
		CB92A3D02B7FB6E800975852 /* Release */ = {
			isa = XCBuildConfiguration;
			buildSettings = {
				ALWAYS_EMBED_SWIFT_STANDARD_LIBRARIES = YES;
				CODE_SIGN_STYLE = Automatic;
				CURRENT_PROJECT_VERSION = 1;
				DEVELOPMENT_TEAM = 3Y8YH8GWMM;
				GENERATE_INFOPLIST_FILE = YES;
				MARKETING_VERSION = 1.0;
				PRODUCT_BUNDLE_IDENTIFIER = coby.kanjiUITests;
				PRODUCT_NAME = "$(TARGET_NAME)";
				SWIFT_EMIT_LOC_STRINGS = NO;
				SWIFT_VERSION = 5.0;
				TARGETED_DEVICE_FAMILY = "1,2";
				TEST_TARGET_NAME = kanji;
			};
			name = Release;
		};
/* End XCBuildConfiguration section */

/* Begin XCConfigurationList section */
		CB92A39F2B7FB6E700975852 /* Build configuration list for PBXProject "kanji" */ = {
			isa = XCConfigurationList;
			buildConfigurations = (
				CB92A3C62B7FB6E800975852 /* Debug */,
				CB92A3C72B7FB6E800975852 /* Release */,
			);
			defaultConfigurationIsVisible = 0;
			defaultConfigurationName = Release;
		};
		CB92A3C82B7FB6E800975852 /* Build configuration list for PBXNativeTarget "kanji" */ = {
			isa = XCConfigurationList;
			buildConfigurations = (
				CB92A3C92B7FB6E800975852 /* Debug */,
				CB92A3CA2B7FB6E800975852 /* Release */,
			);
			defaultConfigurationIsVisible = 0;
			defaultConfigurationName = Release;
		};
		CB92A3CB2B7FB6E800975852 /* Build configuration list for PBXNativeTarget "kanjiTests" */ = {
			isa = XCConfigurationList;
			buildConfigurations = (
				CB92A3CC2B7FB6E800975852 /* Debug */,
				CB92A3CD2B7FB6E800975852 /* Release */,
			);
			defaultConfigurationIsVisible = 0;
			defaultConfigurationName = Release;
		};
		CB92A3CE2B7FB6E800975852 /* Build configuration list for PBXNativeTarget "kanjiUITests" */ = {
			isa = XCConfigurationList;
			buildConfigurations = (
				CB92A3CF2B7FB6E800975852 /* Debug */,
				CB92A3D02B7FB6E800975852 /* Release */,
			);
			defaultConfigurationIsVisible = 0;
			defaultConfigurationName = Release;
		};
/* End XCConfigurationList section */
	};
	rootObject = CB92A39C2B7FB6E700975852 /* Project object */;
}
